// !$*UTF8*$!
{
	archiveVersion = 1;
	classes = {
	};
	objectVersion = 46;
	objects = {

/* Begin PBXBuildFile section */
		4B00D4FF1B4267AE00A890D4 /* AppDelegate.swift in Sources */ = {isa = PBXBuildFile; fileRef = 4B00D4FE1B4267AE00A890D4 /* AppDelegate.swift */; };
		4B00D5011B4267AE00A890D4 /* ViewController.swift in Sources */ = {isa = PBXBuildFile; fileRef = 4B00D5001B4267AE00A890D4 /* ViewController.swift */; };
		4B00D5041B4267AE00A890D4 /* Main.storyboard in Resources */ = {isa = PBXBuildFile; fileRef = 4B00D5021B4267AE00A890D4 /* Main.storyboard */; };
		4B00D5061B4267AE00A890D4 /* Images.xcassets in Resources */ = {isa = PBXBuildFile; fileRef = 4B00D5051B4267AE00A890D4 /* Images.xcassets */; };
		4B00D5091B4267AE00A890D4 /* LaunchScreen.xib in Resources */ = {isa = PBXBuildFile; fileRef = 4B00D5071B4267AE00A890D4 /* LaunchScreen.xib */; };
		4B00D5151B4267AF00A890D4 /* myContactsTests.swift in Sources */ = {isa = PBXBuildFile; fileRef = 4B00D5141B4267AF00A890D4 /* myContactsTests.swift */; };
		4B4FA0A81B428ABF00235DCB /* MainViewController.swift in Sources */ = {isa = PBXBuildFile; fileRef = 4B4FA0A71B428ABF00235DCB /* MainViewController.swift */; };
		4B4FA0AA1B428AE800235DCB /* ContactDetailViewController.swift in Sources */ = {isa = PBXBuildFile; fileRef = 4B4FA0A91B428AE800235DCB /* ContactDetailViewController.swift */; };
/* End PBXBuildFile section */

/* Begin PBXContainerItemProxy section */
		4B00D50F1B4267AF00A890D4 /* PBXContainerItemProxy */ = {
			isa = PBXContainerItemProxy;
			containerPortal = 4B00D4F11B4267AE00A890D4 /* Project object */;
			proxyType = 1;
			remoteGlobalIDString = 4B00D4F81B4267AE00A890D4;
			remoteInfo = myContacts;
		};
/* End PBXContainerItemProxy section */

/* Begin PBXFileReference section */
		4B00D4F91B4267AE00A890D4 /* myContacts.app */ = {isa = PBXFileReference; explicitFileType = wrapper.application; includeInIndex = 0; path = myContacts.app; sourceTree = BUILT_PRODUCTS_DIR; };
		4B00D4FD1B4267AE00A890D4 /* Info.plist */ = {isa = PBXFileReference; lastKnownFileType = text.plist.xml; path = Info.plist; sourceTree = "<group>"; };
		4B00D4FE1B4267AE00A890D4 /* AppDelegate.swift */ = {isa = PBXFileReference; lastKnownFileType = sourcecode.swift; path = AppDelegate.swift; sourceTree = "<group>"; };
		4B00D5001B4267AE00A890D4 /* ViewController.swift */ = {isa = PBXFileReference; lastKnownFileType = sourcecode.swift; path = ViewController.swift; sourceTree = "<group>"; };
		4B00D5031B4267AE00A890D4 /* Base */ = {isa = PBXFileReference; lastKnownFileType = file.storyboard; name = Base; path = Base.lproj/Main.storyboard; sourceTree = "<group>"; };
		4B00D5051B4267AE00A890D4 /* Images.xcassets */ = {isa = PBXFileReference; lastKnownFileType = folder.assetcatalog; path = Images.xcassets; sourceTree = "<group>"; };
		4B00D5081B4267AE00A890D4 /* Base */ = {isa = PBXFileReference; lastKnownFileType = file.xib; name = Base; path = Base.lproj/LaunchScreen.xib; sourceTree = "<group>"; };
		4B00D50E1B4267AF00A890D4 /* myContactsTests.xctest */ = {isa = PBXFileReference; explicitFileType = wrapper.cfbundle; includeInIndex = 0; path = myContactsTests.xctest; sourceTree = BUILT_PRODUCTS_DIR; };
		4B00D5131B4267AF00A890D4 /* Info.plist */ = {isa = PBXFileReference; lastKnownFileType = text.plist.xml; path = Info.plist; sourceTree = "<group>"; };
		4B00D5141B4267AF00A890D4 /* myContactsTests.swift */ = {isa = PBXFileReference; lastKnownFileType = sourcecode.swift; path = myContactsTests.swift; sourceTree = "<group>"; };
		4B4FA0A71B428ABF00235DCB /* MainViewController.swift */ = {isa = PBXFileReference; fileEncoding = 4; lastKnownFileType = sourcecode.swift; path = MainViewController.swift; sourceTree = "<group>"; };
		4B4FA0A91B428AE800235DCB /* ContactDetailViewController.swift */ = {isa = PBXFileReference; fileEncoding = 4; lastKnownFileType = sourcecode.swift; path = ContactDetailViewController.swift; sourceTree = "<group>"; };
/* End PBXFileReference section */

/* Begin PBXFrameworksBuildPhase section */
		4B00D4F61B4267AE00A890D4 /* Frameworks */ = {
			isa = PBXFrameworksBuildPhase;
			buildActionMask = 2147483647;
			files = (
			);
			runOnlyForDeploymentPostprocessing = 0;
		};
		4B00D50B1B4267AF00A890D4 /* Frameworks */ = {
			isa = PBXFrameworksBuildPhase;
			buildActionMask = 2147483647;
			files = (
			);
			runOnlyForDeploymentPostprocessing = 0;
		};
/* End PBXFrameworksBuildPhase section */

/* Begin PBXGroup section */
		4B00D4F01B4267AE00A890D4 = {
			isa = PBXGroup;
			children = (
				4B00D4FB1B4267AE00A890D4 /* myContacts */,
				4B00D5111B4267AF00A890D4 /* myContactsTests */,
				4B00D4FA1B4267AE00A890D4 /* Products */,
			);
			sourceTree = "<group>";
		};
		4B00D4FA1B4267AE00A890D4 /* Products */ = {
			isa = PBXGroup;
			children = (
				4B00D4F91B4267AE00A890D4 /* myContacts.app */,
				4B00D50E1B4267AF00A890D4 /* myContactsTests.xctest */,
			);
			name = Products;
			sourceTree = "<group>";
		};
		4B00D4FB1B4267AE00A890D4 /* myContacts */ = {
			isa = PBXGroup;
			children = (
				4B00D4FE1B4267AE00A890D4 /* AppDelegate.swift */,
				4B00D5001B4267AE00A890D4 /* ViewController.swift */,
				4B00D5021B4267AE00A890D4 /* Main.storyboard */,
				4B4FA0A91B428AE800235DCB /* ContactDetailViewController.swift */,
				4B4FA0A71B428ABF00235DCB /* MainViewController.swift */,
				4B00D5051B4267AE00A890D4 /* Images.xcassets */,
				4B00D5071B4267AE00A890D4 /* LaunchScreen.xib */,
				4B00D4FC1B4267AE00A890D4 /* Supporting Files */,
			);
			path = myContacts;
			sourceTree = "<group>";
		};
		4B00D4FC1B4267AE00A890D4 /* Supporting Files */ = {
			isa = PBXGroup;
			children = (
				4B00D4FD1B4267AE00A890D4 /* Info.plist */,
			);
			name = "Supporting Files";
			sourceTree = "<group>";
		};
		4B00D5111B4267AF00A890D4 /* myContactsTests */ = {
			isa = PBXGroup;
			children = (
				4B00D5141B4267AF00A890D4 /* myContactsTests.swift */,
				4B00D5121B4267AF00A890D4 /* Supporting Files */,
			);
			path = myContactsTests;
			sourceTree = "<group>";
		};
		4B00D5121B4267AF00A890D4 /* Supporting Files */ = {
			isa = PBXGroup;
			children = (
				4B00D5131B4267AF00A890D4 /* Info.plist */,
			);
			name = "Supporting Files";
			sourceTree = "<group>";
		};
/* End PBXGroup section */

/* Begin PBXNativeTarget section */
		4B00D4F81B4267AE00A890D4 /* myContacts */ = {
			isa = PBXNativeTarget;
			buildConfigurationList = 4B00D5181B4267AF00A890D4 /* Build configuration list for PBXNativeTarget "myContacts" */;
			buildPhases = (
				4B00D4F51B4267AE00A890D4 /* Sources */,
				4B00D4F61B4267AE00A890D4 /* Frameworks */,
				4B00D4F71B4267AE00A890D4 /* Resources */,
			);
			buildRules = (
			);
			dependencies = (
			);
			name = myContacts;
			productName = myContacts;
			productReference = 4B00D4F91B4267AE00A890D4 /* myContacts.app */;
			productType = "com.apple.product-type.application";
		};
		4B00D50D1B4267AF00A890D4 /* myContactsTests */ = {
			isa = PBXNativeTarget;
			buildConfigurationList = 4B00D51B1B4267AF00A890D4 /* Build configuration list for PBXNativeTarget "myContactsTests" */;
			buildPhases = (
				4B00D50A1B4267AF00A890D4 /* Sources */,
				4B00D50B1B4267AF00A890D4 /* Frameworks */,
				4B00D50C1B4267AF00A890D4 /* Resources */,
			);
			buildRules = (
			);
			dependencies = (
				4B00D5101B4267AF00A890D4 /* PBXTargetDependency */,
			);
			name = myContactsTests;
			productName = myContactsTests;
			productReference = 4B00D50E1B4267AF00A890D4 /* myContactsTests.xctest */;
			productType = "com.apple.product-type.bundle.unit-test";
		};
/* End PBXNativeTarget section */

/* Begin PBXProject section */
		4B00D4F11B4267AE00A890D4 /* Project object */ = {
			isa = PBXProject;
			attributes = {
				LastUpgradeCheck = 0620;
				ORGANIZATIONNAME = paciffic;
				TargetAttributes = {
					4B00D4F81B4267AE00A890D4 = {
						CreatedOnToolsVersion = 6.2;
					};
					4B00D50D1B4267AF00A890D4 = {
						CreatedOnToolsVersion = 6.2;
						TestTargetID = 4B00D4F81B4267AE00A890D4;
					};
				};
			};
			buildConfigurationList = 4B00D4F41B4267AE00A890D4 /* Build configuration list for PBXProject "myContacts" */;
			compatibilityVersion = "Xcode 3.2";
			developmentRegion = English;
			hasScannedForEncodings = 0;
			knownRegions = (
				en,
				Base,
			);
			mainGroup = 4B00D4F01B4267AE00A890D4;
			productRefGroup = 4B00D4FA1B4267AE00A890D4 /* Products */;
			projectDirPath = "";
			projectRoot = "";
			targets = (
				4B00D4F81B4267AE00A890D4 /* myContacts */,
				4B00D50D1B4267AF00A890D4 /* myContactsTests */,
			);
		};
/* End PBXProject section */

/* Begin PBXResourcesBuildPhase section */
		4B00D4F71B4267AE00A890D4 /* Resources */ = {
			isa = PBXResourcesBuildPhase;
			buildActionMask = 2147483647;
			files = (
				4B00D5041B4267AE00A890D4 /* Main.storyboard in Resources */,
				4B00D5091B4267AE00A890D4 /* LaunchScreen.xib in Resources */,
				4B00D5061B4267AE00A890D4 /* Images.xcassets in Resources */,
			);
			runOnlyForDeploymentPostprocessing = 0;
		};
		4B00D50C1B4267AF00A890D4 /* Resources */ = {
			isa = PBXResourcesBuildPhase;
			buildActionMask = 2147483647;
			files = (
			);
			runOnlyForDeploymentPostprocessing = 0;
		};
/* End PBXResourcesBuildPhase section */

/* Begin PBXSourcesBuildPhase section */
		4B00D4F51B4267AE00A890D4 /* Sources */ = {
			isa = PBXSourcesBuildPhase;
			buildActionMask = 2147483647;
			files = (
				4B4FA0A81B428ABF00235DCB /* MainViewController.swift in Sources */,
				4B00D5011B4267AE00A890D4 /* ViewController.swift in Sources */,
				4B4FA0AA1B428AE800235DCB /* ContactDetailViewController.swift in Sources */,
				4B00D4FF1B4267AE00A890D4 /* AppDelegate.swift in Sources */,
			);
			runOnlyForDeploymentPostprocessing = 0;
		};
		4B00D50A1B4267AF00A890D4 /* Sources */ = {
			isa = PBXSourcesBuildPhase;
			buildActionMask = 2147483647;
			files = (
				4B00D5151B4267AF00A890D4 /* myContactsTests.swift in Sources */,
			);
			runOnlyForDeploymentPostprocessing = 0;
		};
/* End PBXSourcesBuildPhase section */

/* Begin PBXTargetDependency section */
		4B00D5101B4267AF00A890D4 /* PBXTargetDependency */ = {
			isa = PBXTargetDependency;
			target = 4B00D4F81B4267AE00A890D4 /* myContacts */;
			targetProxy = 4B00D50F1B4267AF00A890D4 /* PBXContainerItemProxy */;
		};
/* End PBXTargetDependency section */

/* Begin PBXVariantGroup section */
		4B00D5021B4267AE00A890D4 /* Main.storyboard */ = {
			isa = PBXVariantGroup;
			children = (
				4B00D5031B4267AE00A890D4 /* Base */,
			);
			name = Main.storyboard;
			sourceTree = "<group>";
		};
		4B00D5071B4267AE00A890D4 /* LaunchScreen.xib */ = {
			isa = PBXVariantGroup;
			children = (
				4B00D5081B4267AE00A890D4 /* Base */,
			);
			name = LaunchScreen.xib;
			sourceTree = "<group>";
		};
/* End PBXVariantGroup section */

/* Begin XCBuildConfiguration section */
		4B00D5161B4267AF00A890D4 /* Debug */ = {
			isa = XCBuildConfiguration;
			buildSettings = {
				ALWAYS_SEARCH_USER_PATHS = NO;
				CLANG_CXX_LANGUAGE_STANDARD = "gnu++0x";
				CLANG_CXX_LIBRARY = "libc++";
				CLANG_ENABLE_MODULES = YES;
				CLANG_ENABLE_OBJC_ARC = YES;
				CLANG_WARN_BOOL_CONVERSION = YES;
				CLANG_WARN_CONSTANT_CONVERSION = YES;
				CLANG_WARN_DIRECT_OBJC_ISA_USAGE = YES_ERROR;
				CLANG_WARN_EMPTY_BODY = YES;
				CLANG_WARN_ENUM_CONVERSION = YES;
				CLANG_WARN_INT_CONVERSION = YES;
				CLANG_WARN_OBJC_ROOT_CLASS = YES_ERROR;
				CLANG_WARN_UNREACHABLE_CODE = YES;
				CLANG_WARN__DUPLICATE_METHOD_MATCH = YES;
				"CODE_SIGN_IDENTITY[sdk=iphoneos*]" = "iPhone Developer";
				COPY_PHASE_STRIP = NO;
				ENABLE_STRICT_OBJC_MSGSEND = YES;
				GCC_C_LANGUAGE_STANDARD = gnu99;
				GCC_DYNAMIC_NO_PIC = NO;
				GCC_OPTIMIZATION_LEVEL = 0;
				GCC_PREPROCESSOR_DEFINITIONS = (
					"DEBUG=1",
					"$(inherited)",
				);
				GCC_SYMBOLS_PRIVATE_EXTERN = NO;
				GCC_WARN_64_TO_32_BIT_CONVERSION = YES;
				GCC_WARN_ABOUT_RETURN_TYPE = YES_ERROR;
				GCC_WARN_UNDECLARED_SELECTOR = YES;
				GCC_WARN_UNINITIALIZED_AUTOS = YES_AGGRESSIVE;
				GCC_WARN_UNUSED_FUNCTION = YES;
				GCC_WARN_UNUSED_VARIABLE = YES;
				IPHONEOS_DEPLOYMENT_TARGET = 8.2;
				MTL_ENABLE_DEBUG_INFO = YES;
				ONLY_ACTIVE_ARCH = YES;
				SDKROOT = iphoneos;
				SWIFT_OPTIMIZATION_LEVEL = "-Onone";
				TARGETED_DEVICE_FAMILY = "1,2";
			};
			name = Debug;
		};
		4B00D5171B4267AF00A890D4 /* Release */ = {
			isa = XCBuildConfiguration;
			buildSettings = {
				ALWAYS_SEARCH_USER_PATHS = NO;
				CLANG_CXX_LANGUAGE_STANDARD = "gnu++0x";
				CLANG_CXX_LIBRARY = "libc++";
				CLANG_ENABLE_MODULES = YES;
				CLANG_ENABLE_OBJC_ARC = YES;
				CLANG_WARN_BOOL_CONVERSION = YES;
				CLANG_WARN_CONSTANT_CONVERSION = YES;
				CLANG_WARN_DIRECT_OBJC_ISA_USAGE = YES_ERROR;
				CLANG_WARN_EMPTY_BODY = YES;
				CLANG_WARN_ENUM_CONVERSION = YES;
				CLANG_WARN_INT_CONVERSION = YES;
				CLANG_WARN_OBJC_ROOT_CLASS = YES_ERROR;
				CLANG_WARN_UNREACHABLE_CODE = YES;
				CLANG_WARN__DUPLICATE_METHOD_MATCH = YES;
				"CODE_SIGN_IDENTITY[sdk=iphoneos*]" = "iPhone Developer";
				COPY_PHASE_STRIP = NO;
				ENABLE_NS_ASSERTIONS = NO;
				ENABLE_STRICT_OBJC_MSGSEND = YES;
				GCC_C_LANGUAGE_STANDARD = gnu99;
				GCC_WARN_64_TO_32_BIT_CONVERSION = YES;
				GCC_WARN_ABOUT_RETURN_TYPE = YES_ERROR;
				GCC_WARN_UNDECLARED_SELECTOR = YES;
				GCC_WARN_UNINITIALIZED_AUTOS = YES_AGGRESSIVE;
				GCC_WARN_UNUSED_FUNCTION = YES;
				GCC_WARN_UNUSED_VARIABLE = YES;
				IPHONEOS_DEPLOYMENT_TARGET = 8.2;
				MTL_ENABLE_DEBUG_INFO = NO;
				SDKROOT = iphoneos;
				TARGETED_DEVICE_FAMILY = "1,2";
				VALIDATE_PRODUCT = YES;
			};
			name = Release;
		};
		4B00D5191B4267AF00A890D4 /* Debug */ = {
			isa = XCBuildConfiguration;
			buildSettings = {
				ASSETCATALOG_COMPILER_APPICON_NAME = AppIcon;
				INFOPLIST_FILE = myContacts/Info.plist;
				LD_RUNPATH_SEARCH_PATHS = "$(inherited) @executable_path/Frameworks";
				PRODUCT_NAME = "$(TARGET_NAME)";
			};
			name = Debug;
		};
		4B00D51A1B4267AF00A890D4 /* Release */ = {
			isa = XCBuildConfiguration;
			buildSettings = {
				ASSETCATALOG_COMPILER_APPICON_NAME = AppIcon;
				INFOPLIST_FILE = myContacts/Info.plist;
				LD_RUNPATH_SEARCH_PATHS = "$(inherited) @executable_path/Frameworks";
				PRODUCT_NAME = "$(TARGET_NAME)";
			};
			name = Release;
		};
		4B00D51C1B4267AF00A890D4 /* Debug */ = {
			isa = XCBuildConfiguration;
			buildSettings = {
				BUNDLE_LOADER = "$(TEST_HOST)";
				FRAMEWORK_SEARCH_PATHS = (
					"$(SDKROOT)/Developer/Library/Frameworks",
					"$(inherited)",
				);
				GCC_PREPROCESSOR_DEFINITIONS = (
					"DEBUG=1",
					"$(inherited)",
				);
				INFOPLIST_FILE = myContactsTests/Info.plist;
				LD_RUNPATH_SEARCH_PATHS = "$(inherited) @executable_path/Frameworks @loader_path/Frameworks";
				PRODUCT_NAME = "$(TARGET_NAME)";
				TEST_HOST = "$(BUILT_PRODUCTS_DIR)/myContacts.app/myContacts";
			};
			name = Debug;
		};
		4B00D51D1B4267AF00A890D4 /* Release */ = {
			isa = XCBuildConfiguration;
			buildSettings = {
				BUNDLE_LOADER = "$(TEST_HOST)";
				FRAMEWORK_SEARCH_PATHS = (
					"$(SDKROOT)/Developer/Library/Frameworks",
					"$(inherited)",
				);
				INFOPLIST_FILE = myContactsTests/Info.plist;
				LD_RUNPATH_SEARCH_PATHS = "$(inherited) @executable_path/Frameworks @loader_path/Frameworks";
				PRODUCT_NAME = "$(TARGET_NAME)";
				TEST_HOST = "$(BUILT_PRODUCTS_DIR)/myContacts.app/myContacts";
			};
			name = Release;
		};
/* End XCBuildConfiguration section */

/* Begin XCConfigurationList section */
		4B00D4F41B4267AE00A890D4 /* Build configuration list for PBXProject "myContacts" */ = {
			isa = XCConfigurationList;
			buildConfigurations = (
				4B00D5161B4267AF00A890D4 /* Debug */,
				4B00D5171B4267AF00A890D4 /* Release */,
			);
			defaultConfigurationIsVisible = 0;
			defaultConfigurationName = Release;
		};
		4B00D5181B4267AF00A890D4 /* Build configuration list for PBXNativeTarget "myContacts" */ = {
			isa = XCConfigurationList;
			buildConfigurations = (
				4B00D5191B4267AF00A890D4 /* Debug */,
				4B00D51A1B4267AF00A890D4 /* Release */,
			);
			defaultConfigurationIsVisible = 0;
			defaultConfigurationName = Release;
		};
		4B00D51B1B4267AF00A890D4 /* Build configuration list for PBXNativeTarget "myContactsTests" */ = {
			isa = XCConfigurationList;
			buildConfigurations = (
				4B00D51C1B4267AF00A890D4 /* Debug */,
				4B00D51D1B4267AF00A890D4 /* Release */,
			);
			defaultConfigurationIsVisible = 0;
			defaultConfigurationName = Release;
		};
/* End XCConfigurationList section */
	};
	rootObject = 4B00D4F11B4267AE00A890D4 /* Project object */;
}
